
Microsoft Visual Studio Solution File, Format Version 12.00
# Visual Studio Version 16
VisualStudioVersion = 16.0.31702.278
MinimumVisualStudioVersion = 10.0.40219.1
Project("{FAE04EC0-301F-11D3-BF4B-00C04F79EFBC}") = "PhoneBookConsole", "PhoneBookConsole.csproj", "{9E250A2D-DA98-46EF-B2E4-4EB8BC7C8F5D}"
EndProject
Global
	GlobalSection(SolutionConfigurationPlatforms) = preSolution
		Debug|Any CPU = Debug|Any CPU
		Release|Any CPU = Release|Any CPU
	EndGlobalSection
	GlobalSection(ProjectConfigurationPlatforms) = postSolution
		{9E250A2D-DA98-46EF-B2E4-4EB8BC7C8F5D}.Debug|Any CPU.ActiveCfg = Debug|Any CPU
		{9E250A2D-DA98-46EF-B2E4-4EB8BC7C8F5D}.Debug|Any CPU.Build.0 = Debug|Any CPU
		{9E250A2D-DA98-46EF-B2E4-4EB8BC7C8F5D}.Release|Any CPU.ActiveCfg = Release|Any CPU
		{9E250A2D-DA98-46EF-B2E4-4EB8BC7C8F5D}.Release|Any CPU.Build.0 = Release|Any CPU
	EndGlobalSection
	GlobalSection(SolutionProperties) = preSolution
		HideSolutionNode = FALSE
	EndGlobalSection
	GlobalSection(ExtensibilityGlobals) = postSolution
		SolutionGuid = {0C9669E7-3BD9-468D-999A-E39D94EA6ADA}
	EndGlobalSection
EndGlobal
